
Microsoft Visual Studio Solution File, Format Version 12.00
# Visual Studio Version 16
VisualStudioVersion = 16.0.29709.97
MinimumVisualStudioVersion = 10.0.40219.1
Project("{FAE04EC0-301F-11D3-BF4B-00C04F79EFBC}") = "WinFormApp_HitTheKeys", "WinFormApp_HitTheKeys\WinFormApp_HitTheKeys.csproj", "{17A0F28A-F369-452F-B894-2F6F805A7CA1}"
EndProject
Global
	GlobalSection(SolutionConfigurationPlatforms) = preSolution
		Debug|Any CPU = Debug|Any CPU
		Release|Any CPU = Release|Any CPU
	EndGlobalSection
	GlobalSection(ProjectConfigurationPlatforms) = postSolution
		{17A0F28A-F369-452F-B894-2F6F805A7CA1}.Debug|Any CPU.ActiveCfg = Debug|Any CPU
		{17A0F28A-F369-452F-B894-2F6F805A7CA1}.Debug|Any CPU.Build.0 = Debug|Any CPU
		{17A0F28A-F369-452F-B894-2F6F805A7CA1}.Release|Any CPU.ActiveCfg = Release|Any CPU
		{17A0F28A-F369-452F-B894-2F6F805A7CA1}.Release|Any CPU.Build.0 = Release|Any CPU
	EndGlobalSection
	GlobalSection(SolutionProperties) = preSolution
		HideSolutionNode = FALSE
	EndGlobalSection
	GlobalSection(ExtensibilityGlobals) = postSolution
		SolutionGuid = {9E3F00EE-7D51-4166-81B8-EE3BE3B3377A}
	EndGlobalSection
EndGlobal
